// !$*UTF8*$!
{
	archiveVersion = 1;
	classes = {
	};
	objectVersion = 56;
	objects = {

/* Begin PBXBuildFile section */
		582B96492BFF9F430021AED6 /* CustomBarButtonItem.swift in Sources */ = {isa = PBXBuildFile; fileRef = 582B96482BFF9F430021AED6 /* CustomBarButtonItem.swift */; };
		582B964B2BFFA92C0021AED6 /* MovieTabBarController.swift in Sources */ = {isa = PBXBuildFile; fileRef = 582B964A2BFFA92C0021AED6 /* MovieTabBarController.swift */; };
		582B964E2BFFA9DE0021AED6 /* HomeVC.swift in Sources */ = {isa = PBXBuildFile; fileRef = 582B964D2BFFA9DE0021AED6 /* HomeVC.swift */; };
		582B96502BFFAA000021AED6 /* SearchVC.swift in Sources */ = {isa = PBXBuildFile; fileRef = 582B964F2BFFAA000021AED6 /* SearchVC.swift */; };
		582B96522BFFAA100021AED6 /* FavoritesVC.swift in Sources */ = {isa = PBXBuildFile; fileRef = 582B96512BFFAA100021AED6 /* FavoritesVC.swift */; };
		582B96542C00EF760021AED6 /* SideBar.swift in Sources */ = {isa = PBXBuildFile; fileRef = 582B96532C00EF760021AED6 /* SideBar.swift */; };
		582B96562C00F3A90021AED6 /* NavigationView.swift in Sources */ = {isa = PBXBuildFile; fileRef = 582B96552C00F3A90021AED6 /* NavigationView.swift */; };
		582B96582C00F3F50021AED6 /* NavigationVC.swift in Sources */ = {isa = PBXBuildFile; fileRef = 582B96572C00F3F50021AED6 /* NavigationVC.swift */; };
		582B965A2C00F46C0021AED6 /* NavigationCell.swift in Sources */ = {isa = PBXBuildFile; fileRef = 582B96592C00F46C0021AED6 /* NavigationCell.swift */; };
		587F398E2BFE59BD0082FB53 /* AppDelegate.swift in Sources */ = {isa = PBXBuildFile; fileRef = 587F398D2BFE59BD0082FB53 /* AppDelegate.swift */; };
		587F39902BFE59BD0082FB53 /* SceneDelegate.swift in Sources */ = {isa = PBXBuildFile; fileRef = 587F398F2BFE59BD0082FB53 /* SceneDelegate.swift */; };
		587F39972BFE59BE0082FB53 /* Assets.xcassets in Resources */ = {isa = PBXBuildFile; fileRef = 587F39962BFE59BE0082FB53 /* Assets.xcassets */; };
		587F399A2BFE59BE0082FB53 /* LaunchScreen.storyboard in Resources */ = {isa = PBXBuildFile; fileRef = 587F39982BFE59BE0082FB53 /* LaunchScreen.storyboard */; };
		587F39A32BFE5ADB0082FB53 /* NetworkManager.swift in Sources */ = {isa = PBXBuildFile; fileRef = 587F39A22BFE5ADB0082FB53 /* NetworkManager.swift */; };
		58B267A22C228B5500E987C4 /* LoadingViewController.swift in Sources */ = {isa = PBXBuildFile; fileRef = 58B267A12C228B5500E987C4 /* LoadingViewController.swift */; };
		58B267A82C24DE7000E987C4 /* DetailsContentView.swift in Sources */ = {isa = PBXBuildFile; fileRef = 58B267A72C24DE7000E987C4 /* DetailsContentView.swift */; };
		58B267AB2C24E1DE00E987C4 /* DetailsPosterImage.swift in Sources */ = {isa = PBXBuildFile; fileRef = 58B267AA2C24E1DE00E987C4 /* DetailsPosterImage.swift */; };
		58B267AD2C25028000E987C4 /* IconsStackView.swift in Sources */ = {isa = PBXBuildFile; fileRef = 58B267AC2C25028000E987C4 /* IconsStackView.swift */; };
		58B267AF2C2503CB00E987C4 /* InfoMovieStackView.swift in Sources */ = {isa = PBXBuildFile; fileRef = 58B267AE2C2503CA00E987C4 /* InfoMovieStackView.swift */; };
		58B267B12C25052500E987C4 /* DetailsLabel.swift in Sources */ = {isa = PBXBuildFile; fileRef = 58B267B02C25052500E987C4 /* DetailsLabel.swift */; };
		58B267D32C2898B600E987C4 /* Cast.swift in Sources */ = {isa = PBXBuildFile; fileRef = 58B267D22C2898B600E987C4 /* Cast.swift */; };
		58C76E612C1294DB00E88D54 /* MoviesCollectionView.swift in Sources */ = {isa = PBXBuildFile; fileRef = 58C76E602C1294DB00E88D54 /* MoviesCollectionView.swift */; };
		58C76E632C12A79C00E88D54 /* MovieCell.swift in Sources */ = {isa = PBXBuildFile; fileRef = 58C76E622C12A79C00E88D54 /* MovieCell.swift */; };
		58EC2C152C078F1D00A6D287 /* Ext-UISearchBar.swift in Sources */ = {isa = PBXBuildFile; fileRef = 58EC2C142C078F1D00A6D287 /* Ext-UISearchBar.swift */; };
		8271F8232C21F6B300350F7B /* Movie.swift in Sources */ = {isa = PBXBuildFile; fileRef = 8271F8222C21F6B300350F7B /* Movie.swift */; };
		8271F8252C21F73400350F7B /* Genre.swift in Sources */ = {isa = PBXBuildFile; fileRef = 8271F8242C21F73400350F7B /* Genre.swift */; };
		8271F8272C21F80E00350F7B /* SideBarButton.swift in Sources */ = {isa = PBXBuildFile; fileRef = 8271F8262C21F80E00350F7B /* SideBarButton.swift */; };
		8271F8292C21F9E100350F7B /* AppLogoView.swift in Sources */ = {isa = PBXBuildFile; fileRef = 8271F8282C21F9E100350F7B /* AppLogoView.swift */; };
		8271F82B2C21FC7A00350F7B /* ProfileImageView.swift in Sources */ = {isa = PBXBuildFile; fileRef = 8271F82A2C21FC7A00350F7B /* ProfileImageView.swift */; };
		8271F82D2C21FE1D00350F7B /* SearchBarView.swift in Sources */ = {isa = PBXBuildFile; fileRef = 8271F82C2C21FE1D00350F7B /* SearchBarView.swift */; };
		8271F82F2C21FF2400350F7B /* Ext-UIViewController.swift in Sources */ = {isa = PBXBuildFile; fileRef = 8271F82E2C21FF2400350F7B /* Ext-UIViewController.swift */; };
		8271F8322C2233C900350F7B /* HomeContentView.swift in Sources */ = {isa = PBXBuildFile; fileRef = 8271F8312C2233C900350F7B /* HomeContentView.swift */; };
		8271F8342C223EAD00350F7B /* ButtonsStackView.swift in Sources */ = {isa = PBXBuildFile; fileRef = 8271F8332C223EAD00350F7B /* ButtonsStackView.swift */; };
		8271F8362C223F9500350F7B /* CarouselButton.swift in Sources */ = {isa = PBXBuildFile; fileRef = 8271F8352C223F9500350F7B /* CarouselButton.swift */; };
		829D86DA2C18F3D10076910A /* LoadingView.swift in Sources */ = {isa = PBXBuildFile; fileRef = 829D86D92C18F3D10076910A /* LoadingView.swift */; };
		829D86DC2C1902CC0076910A /* DetailsVC.swift in Sources */ = {isa = PBXBuildFile; fileRef = 829D86DB2C1902CC0076910A /* DetailsVC.swift */; };
		82E774142C0A28D90026347D /* SelectionCarousselVC.swift in Sources */ = {isa = PBXBuildFile; fileRef = 82E774132C0A28D90026347D /* SelectionCarousselVC.swift */; };
		82E774162C0A34780026347D /* Ext-UIButton.swift in Sources */ = {isa = PBXBuildFile; fileRef = 82E774152C0A34780026347D /* Ext-UIButton.swift */; };
		82E774182C0A378D0026347D /* Ext-Fonts.swift in Sources */ = {isa = PBXBuildFile; fileRef = 82E774172C0A378D0026347D /* Ext-Fonts.swift */; };
		82E7741B2C0A38260026347D /* Montserrat-SemiBold.ttf in Resources */ = {isa = PBXBuildFile; fileRef = 82E774192C0A38260026347D /* Montserrat-SemiBold.ttf */; };
		82E7741C2C0A38260026347D /* Montserrat-Medium.ttf in Resources */ = {isa = PBXBuildFile; fileRef = 82E7741A2C0A38260026347D /* Montserrat-Medium.ttf */; };
/* End PBXBuildFile section */

/* Begin PBXFileReference section */
		582B96482BFF9F430021AED6 /* CustomBarButtonItem.swift */ = {isa = PBXFileReference; lastKnownFileType = sourcecode.swift; path = CustomBarButtonItem.swift; sourceTree = "<group>"; };
		582B964A2BFFA92C0021AED6 /* MovieTabBarController.swift */ = {isa = PBXFileReference; lastKnownFileType = sourcecode.swift; path = MovieTabBarController.swift; sourceTree = "<group>"; };
		582B964D2BFFA9DE0021AED6 /* HomeVC.swift */ = {isa = PBXFileReference; lastKnownFileType = sourcecode.swift; path = HomeVC.swift; sourceTree = "<group>"; };
		582B964F2BFFAA000021AED6 /* SearchVC.swift */ = {isa = PBXFileReference; lastKnownFileType = sourcecode.swift; path = SearchVC.swift; sourceTree = "<group>"; };
		582B96512BFFAA100021AED6 /* FavoritesVC.swift */ = {isa = PBXFileReference; lastKnownFileType = sourcecode.swift; path = FavoritesVC.swift; sourceTree = "<group>"; };
		582B96532C00EF760021AED6 /* SideBar.swift */ = {isa = PBXFileReference; lastKnownFileType = sourcecode.swift; path = SideBar.swift; sourceTree = "<group>"; };
		582B96552C00F3A90021AED6 /* NavigationView.swift */ = {isa = PBXFileReference; lastKnownFileType = sourcecode.swift; path = NavigationView.swift; sourceTree = "<group>"; };
		582B96572C00F3F50021AED6 /* NavigationVC.swift */ = {isa = PBXFileReference; lastKnownFileType = sourcecode.swift; path = NavigationVC.swift; sourceTree = "<group>"; };
		582B96592C00F46C0021AED6 /* NavigationCell.swift */ = {isa = PBXFileReference; lastKnownFileType = sourcecode.swift; path = NavigationCell.swift; sourceTree = "<group>"; };
		587F398A2BFE59BD0082FB53 /* Movie-App.app */ = {isa = PBXFileReference; explicitFileType = wrapper.application; includeInIndex = 0; path = "Movie-App.app"; sourceTree = BUILT_PRODUCTS_DIR; };
		587F398D2BFE59BD0082FB53 /* AppDelegate.swift */ = {isa = PBXFileReference; lastKnownFileType = sourcecode.swift; path = AppDelegate.swift; sourceTree = "<group>"; };
		587F398F2BFE59BD0082FB53 /* SceneDelegate.swift */ = {isa = PBXFileReference; lastKnownFileType = sourcecode.swift; path = SceneDelegate.swift; sourceTree = "<group>"; };
		587F39962BFE59BE0082FB53 /* Assets.xcassets */ = {isa = PBXFileReference; lastKnownFileType = folder.assetcatalog; path = Assets.xcassets; sourceTree = "<group>"; };
		587F39992BFE59BE0082FB53 /* Base */ = {isa = PBXFileReference; lastKnownFileType = file.storyboard; name = Base; path = Base.lproj/LaunchScreen.storyboard; sourceTree = "<group>"; };
		587F399B2BFE59BE0082FB53 /* Info.plist */ = {isa = PBXFileReference; lastKnownFileType = text.plist.xml; path = Info.plist; sourceTree = "<group>"; };
		587F39A22BFE5ADB0082FB53 /* NetworkManager.swift */ = {isa = PBXFileReference; lastKnownFileType = sourcecode.swift; path = NetworkManager.swift; sourceTree = "<group>"; };
		58B267A12C228B5500E987C4 /* LoadingViewController.swift */ = {isa = PBXFileReference; lastKnownFileType = sourcecode.swift; path = LoadingViewController.swift; sourceTree = "<group>"; };
		58B267A72C24DE7000E987C4 /* DetailsContentView.swift */ = {isa = PBXFileReference; lastKnownFileType = sourcecode.swift; path = DetailsContentView.swift; sourceTree = "<group>"; };
		58B267AA2C24E1DE00E987C4 /* DetailsPosterImage.swift */ = {isa = PBXFileReference; lastKnownFileType = sourcecode.swift; path = DetailsPosterImage.swift; sourceTree = "<group>"; };
		58B267AC2C25028000E987C4 /* IconsStackView.swift */ = {isa = PBXFileReference; lastKnownFileType = sourcecode.swift; path = IconsStackView.swift; sourceTree = "<group>"; };
		58B267AE2C2503CA00E987C4 /* InfoMovieStackView.swift */ = {isa = PBXFileReference; lastKnownFileType = sourcecode.swift; path = InfoMovieStackView.swift; sourceTree = "<group>"; };
		58B267B02C25052500E987C4 /* DetailsLabel.swift */ = {isa = PBXFileReference; lastKnownFileType = sourcecode.swift; path = DetailsLabel.swift; sourceTree = "<group>"; };
		58B267D22C2898B600E987C4 /* Cast.swift */ = {isa = PBXFileReference; lastKnownFileType = sourcecode.swift; path = Cast.swift; sourceTree = "<group>"; };
		58C76E602C1294DB00E88D54 /* MoviesCollectionView.swift */ = {isa = PBXFileReference; lastKnownFileType = sourcecode.swift; path = MoviesCollectionView.swift; sourceTree = "<group>"; };
		58C76E622C12A79C00E88D54 /* MovieCell.swift */ = {isa = PBXFileReference; lastKnownFileType = sourcecode.swift; path = MovieCell.swift; sourceTree = "<group>"; };
		58EC2C142C078F1D00A6D287 /* Ext-UISearchBar.swift */ = {isa = PBXFileReference; lastKnownFileType = sourcecode.swift; path = "Ext-UISearchBar.swift"; sourceTree = "<group>"; };
		8271F8222C21F6B300350F7B /* Movie.swift */ = {isa = PBXFileReference; lastKnownFileType = sourcecode.swift; path = Movie.swift; sourceTree = "<group>"; };
		8271F8242C21F73400350F7B /* Genre.swift */ = {isa = PBXFileReference; lastKnownFileType = sourcecode.swift; path = Genre.swift; sourceTree = "<group>"; };
		8271F8262C21F80E00350F7B /* SideBarButton.swift */ = {isa = PBXFileReference; lastKnownFileType = sourcecode.swift; path = SideBarButton.swift; sourceTree = "<group>"; };
		8271F8282C21F9E100350F7B /* AppLogoView.swift */ = {isa = PBXFileReference; lastKnownFileType = sourcecode.swift; path = AppLogoView.swift; sourceTree = "<group>"; };
		8271F82A2C21FC7A00350F7B /* ProfileImageView.swift */ = {isa = PBXFileReference; lastKnownFileType = sourcecode.swift; path = ProfileImageView.swift; sourceTree = "<group>"; };
		8271F82C2C21FE1D00350F7B /* SearchBarView.swift */ = {isa = PBXFileReference; lastKnownFileType = sourcecode.swift; path = SearchBarView.swift; sourceTree = "<group>"; };
		8271F82E2C21FF2400350F7B /* Ext-UIViewController.swift */ = {isa = PBXFileReference; lastKnownFileType = sourcecode.swift; path = "Ext-UIViewController.swift"; sourceTree = "<group>"; };
		8271F8312C2233C900350F7B /* HomeContentView.swift */ = {isa = PBXFileReference; lastKnownFileType = sourcecode.swift; path = HomeContentView.swift; sourceTree = "<group>"; };
		8271F8332C223EAD00350F7B /* ButtonsStackView.swift */ = {isa = PBXFileReference; lastKnownFileType = sourcecode.swift; path = ButtonsStackView.swift; sourceTree = "<group>"; };
		8271F8352C223F9500350F7B /* CarouselButton.swift */ = {isa = PBXFileReference; lastKnownFileType = sourcecode.swift; path = CarouselButton.swift; sourceTree = "<group>"; };
		829D86D92C18F3D10076910A /* LoadingView.swift */ = {isa = PBXFileReference; lastKnownFileType = sourcecode.swift; path = LoadingView.swift; sourceTree = "<group>"; };
		829D86DB2C1902CC0076910A /* DetailsVC.swift */ = {isa = PBXFileReference; lastKnownFileType = sourcecode.swift; path = DetailsVC.swift; sourceTree = "<group>"; };
		82E774132C0A28D90026347D /* SelectionCarousselVC.swift */ = {isa = PBXFileReference; lastKnownFileType = sourcecode.swift; path = SelectionCarousselVC.swift; sourceTree = "<group>"; };
		82E774152C0A34780026347D /* Ext-UIButton.swift */ = {isa = PBXFileReference; lastKnownFileType = sourcecode.swift; path = "Ext-UIButton.swift"; sourceTree = "<group>"; };
		82E774172C0A378D0026347D /* Ext-Fonts.swift */ = {isa = PBXFileReference; lastKnownFileType = sourcecode.swift; path = "Ext-Fonts.swift"; sourceTree = "<group>"; };
		82E774192C0A38260026347D /* Montserrat-SemiBold.ttf */ = {isa = PBXFileReference; lastKnownFileType = file; path = "Montserrat-SemiBold.ttf"; sourceTree = "<group>"; };
		82E7741A2C0A38260026347D /* Montserrat-Medium.ttf */ = {isa = PBXFileReference; lastKnownFileType = file; path = "Montserrat-Medium.ttf"; sourceTree = "<group>"; };
/* End PBXFileReference section */

/* Begin PBXFrameworksBuildPhase section */
		587F39872BFE59BD0082FB53 /* Frameworks */ = {
			isa = PBXFrameworksBuildPhase;
			buildActionMask = 2147483647;
			files = (
			);
			runOnlyForDeploymentPostprocessing = 0;
		};
/* End PBXFrameworksBuildPhase section */

/* Begin PBXGroup section */
		582B96452BFF9A290021AED6 /* Views */ = {
			isa = PBXGroup;
			children = (
				582B96482BFF9F430021AED6 /* CustomBarButtonItem.swift */,
				582B964A2BFFA92C0021AED6 /* MovieTabBarController.swift */,
				582B96532C00EF760021AED6 /* SideBar.swift */,
				582B96552C00F3A90021AED6 /* NavigationView.swift */,
				582B96592C00F46C0021AED6 /* NavigationCell.swift */,
				58C76E622C12A79C00E88D54 /* MovieCell.swift */,
				829D86D92C18F3D10076910A /* LoadingView.swift */,
				8271F8302C222D8A00350F7B /* Home */,
				58B267A92C24E1A700E987C4 /* Details */,
			);
			path = Views;
			sourceTree = "<group>";
		};
		582B964C2BFFA9980021AED6 /* Screens */ = {
			isa = PBXGroup;
			children = (
				582B964D2BFFA9DE0021AED6 /* HomeVC.swift */,
				582B964F2BFFAA000021AED6 /* SearchVC.swift */,
				582B96512BFFAA100021AED6 /* FavoritesVC.swift */,
				829D86DB2C1902CC0076910A /* DetailsVC.swift */,
			);
			path = Screens;
			sourceTree = "<group>";
		};
		587F39812BFE59BD0082FB53 = {
			isa = PBXGroup;
			children = (
				587F398C2BFE59BD0082FB53 /* Movie-App */,
				587F398B2BFE59BD0082FB53 /* Products */,
			);
			sourceTree = "<group>";
		};
		587F398B2BFE59BD0082FB53 /* Products */ = {
			isa = PBXGroup;
			children = (
				587F398A2BFE59BD0082FB53 /* Movie-App.app */,
			);
			name = Products;
			sourceTree = "<group>";
		};
		587F398C2BFE59BD0082FB53 /* Movie-App */ = {
			isa = PBXGroup;
			children = (
				8271F8212C21F63700350F7B /* Models */,
				58EC2C132C078F0000A6D287 /* Extensions */,
				582B96452BFF9A290021AED6 /* Views */,
				587F39A12BFE5AC70082FB53 /* Managers */,
				82E774122C0A28730026347D /* Controllers */,
				587F398F2BFE59BD0082FB53 /* SceneDelegate.swift */,
				587F398D2BFE59BD0082FB53 /* AppDelegate.swift */,
				587F39962BFE59BE0082FB53 /* Assets.xcassets */,
				587F39982BFE59BE0082FB53 /* LaunchScreen.storyboard */,
				587F399B2BFE59BE0082FB53 /* Info.plist */,
				82E7741D2C0A38330026347D /* Fonts */,
			);
			path = "Movie-App";
			sourceTree = "<group>";
		};
		587F39A12BFE5AC70082FB53 /* Managers */ = {
			isa = PBXGroup;
			children = (
				587F39A22BFE5ADB0082FB53 /* NetworkManager.swift */,
			);
			path = Managers;
			sourceTree = "<group>";
		};
		58B267A92C24E1A700E987C4 /* Details */ = {
			isa = PBXGroup;
			children = (
				58B267A72C24DE7000E987C4 /* DetailsContentView.swift */,
				58B267AA2C24E1DE00E987C4 /* DetailsPosterImage.swift */,
				58B267AC2C25028000E987C4 /* IconsStackView.swift */,
				58B267AE2C2503CA00E987C4 /* InfoMovieStackView.swift */,
				58B267B02C25052500E987C4 /* DetailsLabel.swift */,
			);
			path = Details;
			sourceTree = "<group>";
		};
		58EC2C132C078F0000A6D287 /* Extensions */ = {
			isa = PBXGroup;
			children = (
				58EC2C142C078F1D00A6D287 /* Ext-UISearchBar.swift */,
				82E774152C0A34780026347D /* Ext-UIButton.swift */,
				82E774172C0A378D0026347D /* Ext-Fonts.swift */,
				8271F82E2C21FF2400350F7B /* Ext-UIViewController.swift */,
			);
			path = Extensions;
			sourceTree = "<group>";
		};
		8271F8212C21F63700350F7B /* Models */ = {
			isa = PBXGroup;
			children = (
				8271F8222C21F6B300350F7B /* Movie.swift */,
				8271F8242C21F73400350F7B /* Genre.swift */,
				58B267D22C2898B600E987C4 /* Cast.swift */,
			);
			path = Models;
			sourceTree = "<group>";
		};
		8271F8302C222D8A00350F7B /* Home */ = {
			isa = PBXGroup;
			children = (
				58C76E602C1294DB00E88D54 /* MoviesCollectionView.swift */,
				8271F8282C21F9E100350F7B /* AppLogoView.swift */,
				8271F82A2C21FC7A00350F7B /* ProfileImageView.swift */,
				8271F82C2C21FE1D00350F7B /* SearchBarView.swift */,
				8271F8262C21F80E00350F7B /* SideBarButton.swift */,
				8271F8312C2233C900350F7B /* HomeContentView.swift */,
				8271F8332C223EAD00350F7B /* ButtonsStackView.swift */,
				8271F8352C223F9500350F7B /* CarouselButton.swift */,
			);
			path = Home;
			sourceTree = "<group>";
		};
		82E774122C0A28730026347D /* Controllers */ = {
			isa = PBXGroup;
			children = (
				582B964C2BFFA9980021AED6 /* Screens */,
				582B96572C00F3F50021AED6 /* NavigationVC.swift */,
				82E774132C0A28D90026347D /* SelectionCarousselVC.swift */,
				58B267A12C228B5500E987C4 /* LoadingViewController.swift */,
			);
			path = Controllers;
			sourceTree = "<group>";
		};
		82E7741D2C0A38330026347D /* Fonts */ = {
			isa = PBXGroup;
			children = (
				82E7741A2C0A38260026347D /* Montserrat-Medium.ttf */,
				82E774192C0A38260026347D /* Montserrat-SemiBold.ttf */,
			);
			path = Fonts;
			sourceTree = "<group>";
		};
/* End PBXGroup section */

/* Begin PBXNativeTarget section */
		587F39892BFE59BD0082FB53 /* Movie-App */ = {
			isa = PBXNativeTarget;
			buildConfigurationList = 587F399E2BFE59BE0082FB53 /* Build configuration list for PBXNativeTarget "Movie-App" */;
			buildPhases = (
				587F39862BFE59BD0082FB53 /* Sources */,
				587F39872BFE59BD0082FB53 /* Frameworks */,
				587F39882BFE59BD0082FB53 /* Resources */,
			);
			buildRules = (
			);
			dependencies = (
			);
			name = "Movie-App";
			productName = "Movie-App";
			productReference = 587F398A2BFE59BD0082FB53 /* Movie-App.app */;
			productType = "com.apple.product-type.application";
		};
/* End PBXNativeTarget section */

/* Begin PBXProject section */
		587F39822BFE59BD0082FB53 /* Project object */ = {
			isa = PBXProject;
			attributes = {
				BuildIndependentTargetsInParallel = 1;
				LastSwiftUpdateCheck = 1420;
				LastUpgradeCheck = 1420;
				TargetAttributes = {
					587F39892BFE59BD0082FB53 = {
						CreatedOnToolsVersion = 14.2;
					};
				};
			};
			buildConfigurationList = 587F39852BFE59BD0082FB53 /* Build configuration list for PBXProject "Movie-App" */;
			compatibilityVersion = "Xcode 14.0";
			developmentRegion = en;
			hasScannedForEncodings = 0;
			knownRegions = (
				en,
				Base,
			);
			mainGroup = 587F39812BFE59BD0082FB53;
			productRefGroup = 587F398B2BFE59BD0082FB53 /* Products */;
			projectDirPath = "";
			projectRoot = "";
			targets = (
				587F39892BFE59BD0082FB53 /* Movie-App */,
			);
		};
/* End PBXProject section */

/* Begin PBXResourcesBuildPhase section */
		587F39882BFE59BD0082FB53 /* Resources */ = {
			isa = PBXResourcesBuildPhase;
			buildActionMask = 2147483647;
			files = (
				82E7741B2C0A38260026347D /* Montserrat-SemiBold.ttf in Resources */,
				587F399A2BFE59BE0082FB53 /* LaunchScreen.storyboard in Resources */,
				82E7741C2C0A38260026347D /* Montserrat-Medium.ttf in Resources */,
				587F39972BFE59BE0082FB53 /* Assets.xcassets in Resources */,
			);
			runOnlyForDeploymentPostprocessing = 0;
		};
/* End PBXResourcesBuildPhase section */

/* Begin PBXSourcesBuildPhase section */
		587F39862BFE59BD0082FB53 /* Sources */ = {
			isa = PBXSourcesBuildPhase;
			buildActionMask = 2147483647;
			files = (
				58B267AB2C24E1DE00E987C4 /* DetailsPosterImage.swift in Sources */,
				82E774162C0A34780026347D /* Ext-UIButton.swift in Sources */,
				582B96502BFFAA000021AED6 /* SearchVC.swift in Sources */,
				58C76E632C12A79C00E88D54 /* MovieCell.swift in Sources */,
				8271F8342C223EAD00350F7B /* ButtonsStackView.swift in Sources */,
				8271F8322C2233C900350F7B /* HomeContentView.swift in Sources */,
				8271F8252C21F73400350F7B /* Genre.swift in Sources */,
				58B267AF2C2503CB00E987C4 /* InfoMovieStackView.swift in Sources */,
				82E774182C0A378D0026347D /* Ext-Fonts.swift in Sources */,
				82E774142C0A28D90026347D /* SelectionCarousselVC.swift in Sources */,
				582B96582C00F3F50021AED6 /* NavigationVC.swift in Sources */,
				58C76E612C1294DB00E88D54 /* MoviesCollectionView.swift in Sources */,
				582B964B2BFFA92C0021AED6 /* MovieTabBarController.swift in Sources */,
				582B96562C00F3A90021AED6 /* NavigationView.swift in Sources */,
				58B267D32C2898B600E987C4 /* Cast.swift in Sources */,
				829D86DC2C1902CC0076910A /* DetailsVC.swift in Sources */,
				8271F8362C223F9500350F7B /* CarouselButton.swift in Sources */,
				582B964E2BFFA9DE0021AED6 /* HomeVC.swift in Sources */,
				58B267AD2C25028000E987C4 /* IconsStackView.swift in Sources */,
				58B267A82C24DE7000E987C4 /* DetailsContentView.swift in Sources */,
				58EC2C152C078F1D00A6D287 /* Ext-UISearchBar.swift in Sources */,
				587F39A32BFE5ADB0082FB53 /* NetworkManager.swift in Sources */,
				582B96522BFFAA100021AED6 /* FavoritesVC.swift in Sources */,
				8271F8232C21F6B300350F7B /* Movie.swift in Sources */,
				587F398E2BFE59BD0082FB53 /* AppDelegate.swift in Sources */,
				8271F8292C21F9E100350F7B /* AppLogoView.swift in Sources */,
				587F39902BFE59BD0082FB53 /* SceneDelegate.swift in Sources */,
				8271F82F2C21FF2400350F7B /* Ext-UIViewController.swift in Sources */,
				582B96542C00EF760021AED6 /* SideBar.swift in Sources */,
				582B96492BFF9F430021AED6 /* CustomBarButtonItem.swift in Sources */,
				58B267A22C228B5500E987C4 /* LoadingViewController.swift in Sources */,
				829D86DA2C18F3D10076910A /* LoadingView.swift in Sources */,
				58B267B12C25052500E987C4 /* DetailsLabel.swift in Sources */,
				8271F82D2C21FE1D00350F7B /* SearchBarView.swift in Sources */,
				8271F82B2C21FC7A00350F7B /* ProfileImageView.swift in Sources */,
				8271F8272C21F80E00350F7B /* SideBarButton.swift in Sources */,
				582B965A2C00F46C0021AED6 /* NavigationCell.swift in Sources */,
			);
			runOnlyForDeploymentPostprocessing = 0;
		};
/* End PBXSourcesBuildPhase section */

/* Begin PBXVariantGroup section */
		587F39982BFE59BE0082FB53 /* LaunchScreen.storyboard */ = {
			isa = PBXVariantGroup;
			children = (
				587F39992BFE59BE0082FB53 /* Base */,
			);
			name = LaunchScreen.storyboard;
			sourceTree = "<group>";
		};
/* End PBXVariantGroup section */

/* Begin XCBuildConfiguration section */
		587F399C2BFE59BE0082FB53 /* Debug */ = {
			isa = XCBuildConfiguration;
			buildSettings = {
				ALWAYS_SEARCH_USER_PATHS = NO;
				CLANG_ANALYZER_NONNULL = YES;
				CLANG_ANALYZER_NUMBER_OBJECT_CONVERSION = YES_AGGRESSIVE;
				CLANG_CXX_LANGUAGE_STANDARD = "gnu++20";
				CLANG_ENABLE_MODULES = YES;
				CLANG_ENABLE_OBJC_ARC = YES;
				CLANG_ENABLE_OBJC_WEAK = YES;
				CLANG_WARN_BLOCK_CAPTURE_AUTORELEASING = YES;
				CLANG_WARN_BOOL_CONVERSION = YES;
				CLANG_WARN_COMMA = YES;
				CLANG_WARN_CONSTANT_CONVERSION = YES;
				CLANG_WARN_DEPRECATED_OBJC_IMPLEMENTATIONS = YES;
				CLANG_WARN_DIRECT_OBJC_ISA_USAGE = YES_ERROR;
				CLANG_WARN_DOCUMENTATION_COMMENTS = YES;
				CLANG_WARN_EMPTY_BODY = YES;
				CLANG_WARN_ENUM_CONVERSION = YES;
				CLANG_WARN_INFINITE_RECURSION = YES;
				CLANG_WARN_INT_CONVERSION = YES;
				CLANG_WARN_NON_LITERAL_NULL_CONVERSION = YES;
				CLANG_WARN_OBJC_IMPLICIT_RETAIN_SELF = YES;
				CLANG_WARN_OBJC_LITERAL_CONVERSION = YES;
				CLANG_WARN_OBJC_ROOT_CLASS = YES_ERROR;
				CLANG_WARN_QUOTED_INCLUDE_IN_FRAMEWORK_HEADER = YES;
				CLANG_WARN_RANGE_LOOP_ANALYSIS = YES;
				CLANG_WARN_STRICT_PROTOTYPES = YES;
				CLANG_WARN_SUSPICIOUS_MOVE = YES;
				CLANG_WARN_UNGUARDED_AVAILABILITY = YES_AGGRESSIVE;
				CLANG_WARN_UNREACHABLE_CODE = YES;
				CLANG_WARN__DUPLICATE_METHOD_MATCH = YES;
				COPY_PHASE_STRIP = NO;
				DEBUG_INFORMATION_FORMAT = dwarf;
				ENABLE_STRICT_OBJC_MSGSEND = YES;
				ENABLE_TESTABILITY = YES;
				GCC_C_LANGUAGE_STANDARD = gnu11;
				GCC_DYNAMIC_NO_PIC = NO;
				GCC_NO_COMMON_BLOCKS = YES;
				GCC_OPTIMIZATION_LEVEL = 0;
				GCC_PREPROCESSOR_DEFINITIONS = (
					"DEBUG=1",
					"$(inherited)",
				);
				GCC_WARN_64_TO_32_BIT_CONVERSION = YES;
				GCC_WARN_ABOUT_RETURN_TYPE = YES_ERROR;
				GCC_WARN_UNDECLARED_SELECTOR = YES;
				GCC_WARN_UNINITIALIZED_AUTOS = YES_AGGRESSIVE;
				GCC_WARN_UNUSED_FUNCTION = YES;
				GCC_WARN_UNUSED_VARIABLE = YES;
				IPHONEOS_DEPLOYMENT_TARGET = 16.2;
				MTL_ENABLE_DEBUG_INFO = INCLUDE_SOURCE;
				MTL_FAST_MATH = YES;
				ONLY_ACTIVE_ARCH = YES;
				SDKROOT = iphoneos;
				SWIFT_ACTIVE_COMPILATION_CONDITIONS = DEBUG;
				SWIFT_OPTIMIZATION_LEVEL = "-Onone";
			};
			name = Debug;
		};
		587F399D2BFE59BE0082FB53 /* Release */ = {
			isa = XCBuildConfiguration;
			buildSettings = {
				ALWAYS_SEARCH_USER_PATHS = NO;
				CLANG_ANALYZER_NONNULL = YES;
				CLANG_ANALYZER_NUMBER_OBJECT_CONVERSION = YES_AGGRESSIVE;
				CLANG_CXX_LANGUAGE_STANDARD = "gnu++20";
				CLANG_ENABLE_MODULES = YES;
				CLANG_ENABLE_OBJC_ARC = YES;
				CLANG_ENABLE_OBJC_WEAK = YES;
				CLANG_WARN_BLOCK_CAPTURE_AUTORELEASING = YES;
				CLANG_WARN_BOOL_CONVERSION = YES;
				CLANG_WARN_COMMA = YES;
				CLANG_WARN_CONSTANT_CONVERSION = YES;
				CLANG_WARN_DEPRECATED_OBJC_IMPLEMENTATIONS = YES;
				CLANG_WARN_DIRECT_OBJC_ISA_USAGE = YES_ERROR;
				CLANG_WARN_DOCUMENTATION_COMMENTS = YES;
				CLANG_WARN_EMPTY_BODY = YES;
				CLANG_WARN_ENUM_CONVERSION = YES;
				CLANG_WARN_INFINITE_RECURSION = YES;
				CLANG_WARN_INT_CONVERSION = YES;
				CLANG_WARN_NON_LITERAL_NULL_CONVERSION = YES;
				CLANG_WARN_OBJC_IMPLICIT_RETAIN_SELF = YES;
				CLANG_WARN_OBJC_LITERAL_CONVERSION = YES;
				CLANG_WARN_OBJC_ROOT_CLASS = YES_ERROR;
				CLANG_WARN_QUOTED_INCLUDE_IN_FRAMEWORK_HEADER = YES;
				CLANG_WARN_RANGE_LOOP_ANALYSIS = YES;
				CLANG_WARN_STRICT_PROTOTYPES = YES;
				CLANG_WARN_SUSPICIOUS_MOVE = YES;
				CLANG_WARN_UNGUARDED_AVAILABILITY = YES_AGGRESSIVE;
				CLANG_WARN_UNREACHABLE_CODE = YES;
				CLANG_WARN__DUPLICATE_METHOD_MATCH = YES;
				COPY_PHASE_STRIP = NO;
				DEBUG_INFORMATION_FORMAT = "dwarf-with-dsym";
				ENABLE_NS_ASSERTIONS = NO;
				ENABLE_STRICT_OBJC_MSGSEND = YES;
				GCC_C_LANGUAGE_STANDARD = gnu11;
				GCC_NO_COMMON_BLOCKS = YES;
				GCC_WARN_64_TO_32_BIT_CONVERSION = YES;
				GCC_WARN_ABOUT_RETURN_TYPE = YES_ERROR;
				GCC_WARN_UNDECLARED_SELECTOR = YES;
				GCC_WARN_UNINITIALIZED_AUTOS = YES_AGGRESSIVE;
				GCC_WARN_UNUSED_FUNCTION = YES;
				GCC_WARN_UNUSED_VARIABLE = YES;
				IPHONEOS_DEPLOYMENT_TARGET = 16.2;
				MTL_ENABLE_DEBUG_INFO = NO;
				MTL_FAST_MATH = YES;
				SDKROOT = iphoneos;
				SWIFT_COMPILATION_MODE = wholemodule;
				SWIFT_OPTIMIZATION_LEVEL = "-O";
				VALIDATE_PRODUCT = YES;
			};
			name = Release;
		};
		587F399F2BFE59BE0082FB53 /* Debug */ = {
			isa = XCBuildConfiguration;
			buildSettings = {
				ASSETCATALOG_COMPILER_APPICON_NAME = AppIcon;
				ASSETCATALOG_COMPILER_GLOBAL_ACCENT_COLOR_NAME = AccentColor;
				CODE_SIGN_STYLE = Automatic;
				CURRENT_PROJECT_VERSION = 1;
				DEVELOPMENT_TEAM = H5MNUSUD85;
				GENERATE_INFOPLIST_FILE = YES;
				INFOPLIST_FILE = "Movie-App/Info.plist";
				INFOPLIST_KEY_UIApplicationSupportsIndirectInputEvents = YES;
				INFOPLIST_KEY_UILaunchStoryboardName = LaunchScreen;
				INFOPLIST_KEY_UISupportedInterfaceOrientations_iPad = "UIInterfaceOrientationPortrait UIInterfaceOrientationPortraitUpsideDown UIInterfaceOrientationLandscapeLeft UIInterfaceOrientationLandscapeRight";
				INFOPLIST_KEY_UISupportedInterfaceOrientations_iPhone = "UIInterfaceOrientationPortrait UIInterfaceOrientationLandscapeLeft UIInterfaceOrientationLandscapeRight";
				LD_RUNPATH_SEARCH_PATHS = (
					"$(inherited)",
					"@executable_path/Frameworks",
				);
				MARKETING_VERSION = 1.0;
				PRODUCT_BUNDLE_IDENTIFIER = "com.Mfchm.Movie-App";
				PRODUCT_NAME = "$(TARGET_NAME)";
				SWIFT_EMIT_LOC_STRINGS = YES;
				SWIFT_VERSION = 5.0;
				TARGETED_DEVICE_FAMILY = "1,2";
			};
			name = Debug;
		};
		587F39A02BFE59BE0082FB53 /* Release */ = {
			isa = XCBuildConfiguration;
			buildSettings = {
				ASSETCATALOG_COMPILER_APPICON_NAME = AppIcon;
				ASSETCATALOG_COMPILER_GLOBAL_ACCENT_COLOR_NAME = AccentColor;
				CODE_SIGN_STYLE = Automatic;
				CURRENT_PROJECT_VERSION = 1;
				DEVELOPMENT_TEAM = H5MNUSUD85;
				GENERATE_INFOPLIST_FILE = YES;
				INFOPLIST_FILE = "Movie-App/Info.plist";
				INFOPLIST_KEY_UIApplicationSupportsIndirectInputEvents = YES;
				INFOPLIST_KEY_UILaunchStoryboardName = LaunchScreen;
				INFOPLIST_KEY_UISupportedInterfaceOrientations_iPad = "UIInterfaceOrientationPortrait UIInterfaceOrientationPortraitUpsideDown UIInterfaceOrientationLandscapeLeft UIInterfaceOrientationLandscapeRight";
				INFOPLIST_KEY_UISupportedInterfaceOrientations_iPhone = "UIInterfaceOrientationPortrait UIInterfaceOrientationLandscapeLeft UIInterfaceOrientationLandscapeRight";
				LD_RUNPATH_SEARCH_PATHS = (
					"$(inherited)",
					"@executable_path/Frameworks",
				);
				MARKETING_VERSION = 1.0;
				PRODUCT_BUNDLE_IDENTIFIER = "com.Mfchm.Movie-App";
				PRODUCT_NAME = "$(TARGET_NAME)";
				SWIFT_EMIT_LOC_STRINGS = YES;
				SWIFT_VERSION = 5.0;
				TARGETED_DEVICE_FAMILY = "1,2";
			};
			name = Release;
		};
/* End XCBuildConfiguration section */

/* Begin XCConfigurationList section */
		587F39852BFE59BD0082FB53 /* Build configuration list for PBXProject "Movie-App" */ = {
			isa = XCConfigurationList;
			buildConfigurations = (
				587F399C2BFE59BE0082FB53 /* Debug */,
				587F399D2BFE59BE0082FB53 /* Release */,
			);
			defaultConfigurationIsVisible = 0;
			defaultConfigurationName = Release;
		};
		587F399E2BFE59BE0082FB53 /* Build configuration list for PBXNativeTarget "Movie-App" */ = {
			isa = XCConfigurationList;
			buildConfigurations = (
				587F399F2BFE59BE0082FB53 /* Debug */,
				587F39A02BFE59BE0082FB53 /* Release */,
			);
			defaultConfigurationIsVisible = 0;
			defaultConfigurationName = Release;
		};
/* End XCConfigurationList section */
	};
	rootObject = 587F39822BFE59BD0082FB53 /* Project object */;
}
